
Microsoft Visual Studio Solution File, Format Version 12.00
# Visual Studio Version 17
VisualStudioVersion = 17.3.32922.545
MinimumVisualStudioVersion = 10.0.40219.1
Project("{FAE04EC0-301F-11D3-BF4B-00C04F79EFBC}") = "Evaluation Manager", "Evaluation Manager\Evaluation Manager.csproj", "{07D34BEB-123E-4A2A-86BD-4DF2E25FEA06}"
EndProject
Global
	GlobalSection(SolutionConfigurationPlatforms) = preSolution
		Debug|Any CPU = Debug|Any CPU
		Release|Any CPU = Release|Any CPU
	EndGlobalSection
	GlobalSection(ProjectConfigurationPlatforms) = postSolution
		{07D34BEB-123E-4A2A-86BD-4DF2E25FEA06}.Debug|Any CPU.ActiveCfg = Debug|Any CPU
		{07D34BEB-123E-4A2A-86BD-4DF2E25FEA06}.Debug|Any CPU.Build.0 = Debug|Any CPU
		{07D34BEB-123E-4A2A-86BD-4DF2E25FEA06}.Release|Any CPU.ActiveCfg = Release|Any CPU
		{07D34BEB-123E-4A2A-86BD-4DF2E25FEA06}.Release|Any CPU.Build.0 = Release|Any CPU
	EndGlobalSection
	GlobalSection(SolutionProperties) = preSolution
		HideSolutionNode = FALSE
	EndGlobalSection
	GlobalSection(ExtensibilityGlobals) = postSolution
		SolutionGuid = {ADE2E949-79E0-432F-8FDC-C65310A9F205}
	EndGlobalSection
EndGlobal
